<?xml version="1.0" encoding="utf-8"?>
<Project ToolsVersion="4.0" xmlns="http://schemas.microsoft.com/developer/msbuild/2003">
  <ItemGroup>
    <ClCompile Include="ShaderLoader.cpp">
      <Filter>shaders</Filter>
    </ClCompile>
    <ClCompile Include="utils.cpp">
      <Filter>misc</Filter>
    </ClCompile>
    <ClCompile Include="model.cpp">
      <Filter>entities</Filter>
    </ClCompile>
    <ClCompile Include="gameScene.cpp">
      <Filter>entities</Filter>
    </ClCompile>
    <ClCompile Include="entity.cpp">
      <Filter>entities</Filter>
    </ClCompile>
    <ClCompile Include="global.cpp">
      <Filter>misc</Filter>
    </ClCompile>
    <ClCompile Include="client.cpp">
      <Filter>networking</Filter>
    </ClCompile>
    <ClCompile Include="consoletools.cpp">
      <Filter>networking</Filter>
    </ClCompile>
    <ClCompile Include="inputlinebuffer.cpp">
      <Filter>networking</Filter>
    </ClCompile>
    <ClCompile Include="network.cpp">
      <Filter>networking</Filter>
    </ClCompile>
    <ClCompile Include="server.cpp">
      <Filter>networking</Filter>
    </ClCompile>
    <ClCompile Include="socket.cpp">
      <Filter>networking</Filter>
    </ClCompile>
    <ClCompile Include="NetworkingMain.cpp">
      <Filter>networking</Filter>
    </ClCompile>
    <ClCompile Include="camera.cpp">
      <Filter>entities</Filter>
    </ClCompile>
    <ClCompile Include="TextLabel.cpp">
      <Filter>entities</Filter>
    </ClCompile>
    <ClCompile Include="clock.cpp">
      <Filter>entities</Filter>
    </ClCompile>
    <ClCompile Include="main.cpp" />
  </ItemGroup>
  <ItemGroup>
    <ClInclude Include="ShaderLoader.h">
      <Filter>shaders</Filter>
    </ClInclude>
    <ClInclude Include="utils.h">
      <Filter>misc</Filter>
    </ClInclude>
    <ClInclude Include="model.h">
      <Filter>entities</Filter>
    </ClInclude>
    <ClInclude Include="gameScene.h">
      <Filter>entities</Filter>
    </ClInclude>
    <ClInclude Include="entity.h">
      <Filter>entities</Filter>
    </ClInclude>
    <ClInclude Include="global.h">
      <Filter>misc</Filter>
    </ClInclude>
    <ClInclude Include="client.h">
      <Filter>networking</Filter>
    </ClInclude>
    <ClInclude Include="consoletools.h">
      <Filter>networking</Filter>
    </ClInclude>
    <ClInclude Include="InputLineBuffer.h">
      <Filter>networking</Filter>
    </ClInclude>
    <ClInclude Include="network.h">
      <Filter>networking</Filter>
    </ClInclude>
    <ClInclude Include="networkentity.h">
      <Filter>networking</Filter>
    </ClInclude>
    <ClInclude Include="server.h">
      <Filter>networking</Filter>
    </ClInclude>
    <ClInclude Include="socket.h">
      <Filter>networking</Filter>
    </ClInclude>
    <ClInclude Include="WorkQueue.h">
      <Filter>networking</Filter>
    </ClInclude>
    <ClInclude Include="camera.h">
      <Filter>entities</Filter>
    </ClInclude>
    <ClInclude Include="TextLabel.h">
      <Filter>entities</Filter>
    </ClInclude>
    <ClInclude Include="clock.h">
      <Filter>entities</Filter>
    </ClInclude>
  </ItemGroup>
  <ItemGroup>
    <None Include="Text.vs">
      <Filter>shaders</Filter>
    </None>
    <None Include="Text.fs">
      <Filter>shaders</Filter>
    </None>
    <None Include="Shape.vs">
      <Filter>shaders</Filter>
    </None>
    <None Include="Shape.fs">
      <Filter>shaders</Filter>
    </None>
  </ItemGroup>
  <ItemGroup>
    <Filter Include="entities">
      <UniqueIdentifier>{5620aff6-5737-4385-8b17-48b49c0968c8}</UniqueIdentifier>
    </Filter>
    <Filter Include="shaders">
      <UniqueIdentifier>{aa1b4a31-49c4-4d41-9b66-375cf9a8d686}</UniqueIdentifier>
    </Filter>
    <Filter Include="misc">
      <UniqueIdentifier>{c6814831-1c0b-4d4c-bd59-4b18d8c9f0ca}</UniqueIdentifier>
    </Filter>
    <Filter Include="networking">
      <UniqueIdentifier>{c0c63bc2-6ea5-4b20-bf59-e8e459714a85}</UniqueIdentifier>
    </Filter>
  </ItemGroup>
</Project>